// !$*UTF8*$!
{
	archiveVersion = 1;
	classes = {
	};
	objectVersion = 46;
	objects = {

/* Begin PBXBuildFile section */
		56477FA11CA1447900133281 /* Miles-Home.png in Resources */ = {isa = PBXBuildFile; fileRef = 56477FA01CA1447900133281 /* Miles-Home.png */; };
		56477FA31CA1448800133281 /* Miles-Unknown.png in Resources */ = {isa = PBXBuildFile; fileRef = 56477FA21CA1448800133281 /* Miles-Unknown.png */; };
		56477FA51CA15ADC00133281 /* SettingsViewController.m in Sources */ = {isa = PBXBuildFile; fileRef = 56477FA41CA15ADC00133281 /* SettingsViewController.m */; };
		5694C4461CB7BF3E00C384B1 /* Information-Icon.png in Resources */ = {isa = PBXBuildFile; fileRef = 5694C4451CB7BF3E00C384B1 /* Information-Icon.png */; };
		56A385621C71EFE80055F355 /* main.m in Sources */ = {isa = PBXBuildFile; fileRef = 56A385611C71EFE80055F355 /* main.m */; };
		56A385651C71EFE80055F355 /* AppDelegate.m in Sources */ = {isa = PBXBuildFile; fileRef = 56A385641C71EFE80055F355 /* AppDelegate.m */; };
		56A385681C71EFE80055F355 /* BeaconViewController.m in Sources */ = {isa = PBXBuildFile; fileRef = 56A385671C71EFE80055F355 /* BeaconViewController.m */; };
		56A3856B1C71EFE80055F355 /* Main.storyboard in Resources */ = {isa = PBXBuildFile; fileRef = 56A385691C71EFE80055F355 /* Main.storyboard */; };
		56A3856D1C71EFE80055F355 /* Assets.xcassets in Resources */ = {isa = PBXBuildFile; fileRef = 56A3856C1C71EFE80055F355 /* Assets.xcassets */; };
		56A385701C71EFE80055F355 /* LaunchScreen.storyboard in Resources */ = {isa = PBXBuildFile; fileRef = 56A3856E1C71EFE80055F355 /* LaunchScreen.storyboard */; };
		56A3857F1C71F0430055F355 /* Miles-Far.png in Resources */ = {isa = PBXBuildFile; fileRef = 56A385781C71F0430055F355 /* Miles-Far.png */; };
		56A385821C71F0430055F355 /* Miles-Near.png in Resources */ = {isa = PBXBuildFile; fileRef = 56A3857B1C71F0430055F355 /* Miles-Near.png */; };
		56A385831C71F0430055F355 /* Miles-Title.png in Resources */ = {isa = PBXBuildFile; fileRef = 56A3857C1C71F0430055F355 /* Miles-Title.png */; };
		56A385851C71F0430055F355 /* Settings-Icon.png in Resources */ = {isa = PBXBuildFile; fileRef = 56A3857E1C71F0430055F355 /* Settings-Icon.png */; };
		56A385881C71F04D0055F355 /* Cisco-Meraki.png in Resources */ = {isa = PBXBuildFile; fileRef = 56A385861C71F04D0055F355 /* Cisco-Meraki.png */; };
		56A385891C71F04D0055F355 /* Help-Miles-AP-Image.png in Resources */ = {isa = PBXBuildFile; fileRef = 56A385871C71F04D0055F355 /* Help-Miles-AP-Image.png */; };
		56A3858B1C71F4B80055F355 /* CoreLocation.framework in Frameworks */ = {isa = PBXBuildFile; fileRef = 56A3858A1C71F4B80055F355 /* CoreLocation.framework */; };
/* End PBXBuildFile section */

/* Begin PBXFileReference section */
		56477FA01CA1447900133281 /* Miles-Home.png */ = {isa = PBXFileReference; lastKnownFileType = image.png; path = "Miles-Home.png"; sourceTree = "<group>"; };
		56477FA21CA1448800133281 /* Miles-Unknown.png */ = {isa = PBXFileReference; lastKnownFileType = image.png; path = "Miles-Unknown.png"; sourceTree = "<group>"; };
		56477FA41CA15ADC00133281 /* SettingsViewController.m */ = {isa = PBXFileReference; fileEncoding = 4; lastKnownFileType = sourcecode.c.objc; path = SettingsViewController.m; sourceTree = "<group>"; };
		56477FA61CA15D1800133281 /* SettingsViewController.h */ = {isa = PBXFileReference; fileEncoding = 4; lastKnownFileType = sourcecode.c.h; path = SettingsViewController.h; sourceTree = "<group>"; };
		5694C4451CB7BF3E00C384B1 /* Information-Icon.png */ = {isa = PBXFileReference; lastKnownFileType = image.png; path = "Information-Icon.png"; sourceTree = "<group>"; };
		56A3855D1C71EFE80055F355 /* HelpMilesGetHome_ObjC.app */ = {isa = PBXFileReference; explicitFileType = wrapper.application; includeInIndex = 0; path = HelpMilesGetHome_ObjC.app; sourceTree = BUILT_PRODUCTS_DIR; };
		56A385611C71EFE80055F355 /* main.m */ = {isa = PBXFileReference; lastKnownFileType = sourcecode.c.objc; path = main.m; sourceTree = "<group>"; };
		56A385631C71EFE80055F355 /* AppDelegate.h */ = {isa = PBXFileReference; lastKnownFileType = sourcecode.c.h; path = AppDelegate.h; sourceTree = "<group>"; };
		56A385641C71EFE80055F355 /* AppDelegate.m */ = {isa = PBXFileReference; lastKnownFileType = sourcecode.c.objc; path = AppDelegate.m; sourceTree = "<group>"; };
		56A385661C71EFE80055F355 /* BeaconViewController.h */ = {isa = PBXFileReference; lastKnownFileType = sourcecode.c.h; path = BeaconViewController.h; sourceTree = "<group>"; };
		56A385671C71EFE80055F355 /* BeaconViewController.m */ = {isa = PBXFileReference; lastKnownFileType = sourcecode.c.objc; path = BeaconViewController.m; sourceTree = "<group>"; };
		56A3856A1C71EFE80055F355 /* Base */ = {isa = PBXFileReference; lastKnownFileType = file.storyboard; name = Base; path = Base.lproj/Main.storyboard; sourceTree = "<group>"; };
		56A3856C1C71EFE80055F355 /* Assets.xcassets */ = {isa = PBXFileReference; lastKnownFileType = folder.assetcatalog; path = Assets.xcassets; sourceTree = "<group>"; };
		56A3856F1C71EFE80055F355 /* Base */ = {isa = PBXFileReference; lastKnownFileType = file.storyboard; name = Base; path = Base.lproj/LaunchScreen.storyboard; sourceTree = "<group>"; };
		56A385711C71EFE80055F355 /* Info.plist */ = {isa = PBXFileReference; lastKnownFileType = text.plist.xml; path = Info.plist; sourceTree = "<group>"; };
		56A385781C71F0430055F355 /* Miles-Far.png */ = {isa = PBXFileReference; lastKnownFileType = image.png; path = "Miles-Far.png"; sourceTree = "<group>"; };
		56A3857B1C71F0430055F355 /* Miles-Near.png */ = {isa = PBXFileReference; lastKnownFileType = image.png; path = "Miles-Near.png"; sourceTree = "<group>"; };
		56A3857C1C71F0430055F355 /* Miles-Title.png */ = {isa = PBXFileReference; lastKnownFileType = image.png; path = "Miles-Title.png"; sourceTree = "<group>"; };
		56A3857E1C71F0430055F355 /* Settings-Icon.png */ = {isa = PBXFileReference; lastKnownFileType = image.png; path = "Settings-Icon.png"; sourceTree = "<group>"; };
		56A385861C71F04D0055F355 /* Cisco-Meraki.png */ = {isa = PBXFileReference; lastKnownFileType = image.png; path = "Cisco-Meraki.png"; sourceTree = "<group>"; };
		56A385871C71F04D0055F355 /* Help-Miles-AP-Image.png */ = {isa = PBXFileReference; lastKnownFileType = image.png; path = "Help-Miles-AP-Image.png"; sourceTree = "<group>"; };
		56A3858A1C71F4B80055F355 /* CoreLocation.framework */ = {isa = PBXFileReference; lastKnownFileType = wrapper.framework; name = CoreLocation.framework; path = System/Library/Frameworks/CoreLocation.framework; sourceTree = SDKROOT; };
/* End PBXFileReference section */

/* Begin PBXFrameworksBuildPhase section */
		56A3855A1C71EFE80055F355 /* Frameworks */ = {
			isa = PBXFrameworksBuildPhase;
			buildActionMask = 2147483647;
			files = (
				56A3858B1C71F4B80055F355 /* CoreLocation.framework in Frameworks */,
			);
			runOnlyForDeploymentPostprocessing = 0;
		};
/* End PBXFrameworksBuildPhase section */

/* Begin PBXGroup section */
		56A385541C71EFE80055F355 = {
			isa = PBXGroup;
			children = (
				56A3858A1C71F4B80055F355 /* CoreLocation.framework */,
				56A3855F1C71EFE80055F355 /* HelpMilesGetHome_ObjC */,
				56A3855E1C71EFE80055F355 /* Products */,
			);
			sourceTree = "<group>";
		};
		56A3855E1C71EFE80055F355 /* Products */ = {
			isa = PBXGroup;
			children = (
				56A3855D1C71EFE80055F355 /* HelpMilesGetHome_ObjC.app */,
			);
			name = Products;
			sourceTree = "<group>";
		};
		56A3855F1C71EFE80055F355 /* HelpMilesGetHome_ObjC */ = {
			isa = PBXGroup;
			children = (
				56A385771C71F0370055F355 /* Images */,
				56A385631C71EFE80055F355 /* AppDelegate.h */,
				56A385641C71EFE80055F355 /* AppDelegate.m */,
				56A385661C71EFE80055F355 /* BeaconViewController.h */,
				56A385671C71EFE80055F355 /* BeaconViewController.m */,
				56477FA61CA15D1800133281 /* SettingsViewController.h */,
				56477FA41CA15ADC00133281 /* SettingsViewController.m */,
				56A385691C71EFE80055F355 /* Main.storyboard */,
				56A3856C1C71EFE80055F355 /* Assets.xcassets */,
				56A3856E1C71EFE80055F355 /* LaunchScreen.storyboard */,
				56A385711C71EFE80055F355 /* Info.plist */,
				56A385601C71EFE80055F355 /* Supporting Files */,
			);
			path = HelpMilesGetHome_ObjC;
			sourceTree = "<group>";
		};
		56A385601C71EFE80055F355 /* Supporting Files */ = {
			isa = PBXGroup;
			children = (
				56A385611C71EFE80055F355 /* main.m */,
			);
			name = "Supporting Files";
			sourceTree = "<group>";
		};
		56A385771C71F0370055F355 /* Images */ = {
			isa = PBXGroup;
			children = (
				5694C4451CB7BF3E00C384B1 /* Information-Icon.png */,
				56477FA01CA1447900133281 /* Miles-Home.png */,
				56A385861C71F04D0055F355 /* Cisco-Meraki.png */,
				56A385871C71F04D0055F355 /* Help-Miles-AP-Image.png */,
				56A385781C71F0430055F355 /* Miles-Far.png */,
				56A3857B1C71F0430055F355 /* Miles-Near.png */,
				56477FA21CA1448800133281 /* Miles-Unknown.png */,
				56A3857C1C71F0430055F355 /* Miles-Title.png */,
				56A3857E1C71F0430055F355 /* Settings-Icon.png */,
			);
			name = Images;
			sourceTree = "<group>";
		};
/* End PBXGroup section */

/* Begin PBXNativeTarget section */
		56A3855C1C71EFE80055F355 /* HelpMilesGetHome_ObjC */ = {
			isa = PBXNativeTarget;
			buildConfigurationList = 56A385741C71EFE80055F355 /* Build configuration list for PBXNativeTarget "HelpMilesGetHome_ObjC" */;
			buildPhases = (
				56A385591C71EFE80055F355 /* Sources */,
				56A3855A1C71EFE80055F355 /* Frameworks */,
				56A3855B1C71EFE80055F355 /* Resources */,
			);
			buildRules = (
			);
			dependencies = (
			);
			name = HelpMilesGetHome_ObjC;
			productName = HelpMilesGetHome_ObjC;
			productReference = 56A3855D1C71EFE80055F355 /* HelpMilesGetHome_ObjC.app */;
			productType = "com.apple.product-type.application";
		};
/* End PBXNativeTarget section */

/* Begin PBXProject section */
		56A385551C71EFE80055F355 /* Project object */ = {
			isa = PBXProject;
			attributes = {
				LastUpgradeCheck = 0720;
				ORGANIZATIONNAME = "James McKee";
				TargetAttributes = {
					56A3855C1C71EFE80055F355 = {
						CreatedOnToolsVersion = 7.2.1;
						DevelopmentTeam = 4C6PGUE499;
					};
				};
			};
			buildConfigurationList = 56A385581C71EFE80055F355 /* Build configuration list for PBXProject "HelpMilesGetHome_ObjC" */;
			compatibilityVersion = "Xcode 3.2";
			developmentRegion = English;
			hasScannedForEncodings = 0;
			knownRegions = (
				en,
				Base,
			);
			mainGroup = 56A385541C71EFE80055F355;
			productRefGroup = 56A3855E1C71EFE80055F355 /* Products */;
			projectDirPath = "";
			projectRoot = "";
			targets = (
				56A3855C1C71EFE80055F355 /* HelpMilesGetHome_ObjC */,
			);
		};
/* End PBXProject section */

/* Begin PBXResourcesBuildPhase section */
		56A3855B1C71EFE80055F355 /* Resources */ = {
			isa = PBXResourcesBuildPhase;
			buildActionMask = 2147483647;
			files = (
				56A385881C71F04D0055F355 /* Cisco-Meraki.png in Resources */,
				56A3857F1C71F0430055F355 /* Miles-Far.png in Resources */,
				56A385851C71F0430055F355 /* Settings-Icon.png in Resources */,
				5694C4461CB7BF3E00C384B1 /* Information-Icon.png in Resources */,
				56A385831C71F0430055F355 /* Miles-Title.png in Resources */,
				56A385701C71EFE80055F355 /* LaunchScreen.storyboard in Resources */,
				56477FA11CA1447900133281 /* Miles-Home.png in Resources */,
				56A3856D1C71EFE80055F355 /* Assets.xcassets in Resources */,
				56A385891C71F04D0055F355 /* Help-Miles-AP-Image.png in Resources */,
				56A385821C71F0430055F355 /* Miles-Near.png in Resources */,
				56477FA31CA1448800133281 /* Miles-Unknown.png in Resources */,
				56A3856B1C71EFE80055F355 /* Main.storyboard in Resources */,
			);
			runOnlyForDeploymentPostprocessing = 0;
		};
/* End PBXResourcesBuildPhase section */

/* Begin PBXSourcesBuildPhase section */
		56A385591C71EFE80055F355 /* Sources */ = {
			isa = PBXSourcesBuildPhase;
			buildActionMask = 2147483647;
			files = (
				56A385681C71EFE80055F355 /* BeaconViewController.m in Sources */,
				56A385651C71EFE80055F355 /* AppDelegate.m in Sources */,
				56A385621C71EFE80055F355 /* main.m in Sources */,
				56477FA51CA15ADC00133281 /* SettingsViewController.m in Sources */,
			);
			runOnlyForDeploymentPostprocessing = 0;
		};
/* End PBXSourcesBuildPhase section */

/* Begin PBXVariantGroup section */
		56A385691C71EFE80055F355 /* Main.storyboard */ = {
			isa = PBXVariantGroup;
			children = (
				56A3856A1C71EFE80055F355 /* Base */,
			);
			name = Main.storyboard;
			sourceTree = "<group>";
		};
		56A3856E1C71EFE80055F355 /* LaunchScreen.storyboard */ = {
			isa = PBXVariantGroup;
			children = (
				56A3856F1C71EFE80055F355 /* Base */,
			);
			name = LaunchScreen.storyboard;
			sourceTree = "<group>";
		};
/* End PBXVariantGroup section */

/* Begin XCBuildConfiguration section */
		56A385721C71EFE80055F355 /* Debug */ = {
			isa = XCBuildConfiguration;
			buildSettings = {
				ALWAYS_SEARCH_USER_PATHS = NO;
				CLANG_CXX_LANGUAGE_STANDARD = "gnu++0x";
				CLANG_CXX_LIBRARY = "libc++";
				CLANG_ENABLE_MODULES = YES;
				CLANG_ENABLE_OBJC_ARC = YES;
				CLANG_WARN_BOOL_CONVERSION = YES;
				CLANG_WARN_CONSTANT_CONVERSION = YES;
				CLANG_WARN_DIRECT_OBJC_ISA_USAGE = YES_ERROR;
				CLANG_WARN_EMPTY_BODY = YES;
				CLANG_WARN_ENUM_CONVERSION = YES;
				CLANG_WARN_INT_CONVERSION = YES;
				CLANG_WARN_OBJC_ROOT_CLASS = YES_ERROR;
				CLANG_WARN_UNREACHABLE_CODE = YES;
				CLANG_WARN__DUPLICATE_METHOD_MATCH = YES;
				"CODE_SIGN_IDENTITY[sdk=iphoneos*]" = "iPhone Developer";
				COPY_PHASE_STRIP = NO;
				DEBUG_INFORMATION_FORMAT = dwarf;
				ENABLE_STRICT_OBJC_MSGSEND = YES;
				ENABLE_TESTABILITY = YES;
				GCC_C_LANGUAGE_STANDARD = gnu99;
				GCC_DYNAMIC_NO_PIC = NO;
				GCC_NO_COMMON_BLOCKS = YES;
				GCC_OPTIMIZATION_LEVEL = 0;
				GCC_PREPROCESSOR_DEFINITIONS = (
					"DEBUG=1",
					"$(inherited)",
				);
				GCC_WARN_64_TO_32_BIT_CONVERSION = YES;
				GCC_WARN_ABOUT_RETURN_TYPE = YES_ERROR;
				GCC_WARN_UNDECLARED_SELECTOR = YES;
				GCC_WARN_UNINITIALIZED_AUTOS = YES_AGGRESSIVE;
				GCC_WARN_UNUSED_FUNCTION = YES;
				GCC_WARN_UNUSED_VARIABLE = YES;
				IPHONEOS_DEPLOYMENT_TARGET = 9.3;
				MTL_ENABLE_DEBUG_INFO = YES;
				ONLY_ACTIVE_ARCH = YES;
				SDKROOT = iphoneos;
				TARGETED_DEVICE_FAMILY = "1,2";
			};
			name = Debug;
		};
		56A385731C71EFE80055F355 /* Release */ = {
			isa = XCBuildConfiguration;
			buildSettings = {
				ALWAYS_SEARCH_USER_PATHS = NO;
				CLANG_CXX_LANGUAGE_STANDARD = "gnu++0x";
				CLANG_CXX_LIBRARY = "libc++";
				CLANG_ENABLE_MODULES = YES;
				CLANG_ENABLE_OBJC_ARC = YES;
				CLANG_WARN_BOOL_CONVERSION = YES;
				CLANG_WARN_CONSTANT_CONVERSION = YES;
				CLANG_WARN_DIRECT_OBJC_ISA_USAGE = YES_ERROR;
				CLANG_WARN_EMPTY_BODY = YES;
				CLANG_WARN_ENUM_CONVERSION = YES;
				CLANG_WARN_INT_CONVERSION = YES;
				CLANG_WARN_OBJC_ROOT_CLASS = YES_ERROR;
				CLANG_WARN_UNREACHABLE_CODE = YES;
				CLANG_WARN__DUPLICATE_METHOD_MATCH = YES;
				"CODE_SIGN_IDENTITY[sdk=iphoneos*]" = "iPhone Developer";
				COPY_PHASE_STRIP = NO;
				DEBUG_INFORMATION_FORMAT = "dwarf-with-dsym";
				ENABLE_NS_ASSERTIONS = NO;
				ENABLE_STRICT_OBJC_MSGSEND = YES;
				GCC_C_LANGUAGE_STANDARD = gnu99;
				GCC_NO_COMMON_BLOCKS = YES;
				GCC_WARN_64_TO_32_BIT_CONVERSION = YES;
				GCC_WARN_ABOUT_RETURN_TYPE = YES_ERROR;
				GCC_WARN_UNDECLARED_SELECTOR = YES;
				GCC_WARN_UNINITIALIZED_AUTOS = YES_AGGRESSIVE;
				GCC_WARN_UNUSED_FUNCTION = YES;
				GCC_WARN_UNUSED_VARIABLE = YES;
				IPHONEOS_DEPLOYMENT_TARGET = 9.3;
				MTL_ENABLE_DEBUG_INFO = NO;
				SDKROOT = iphoneos;
				TARGETED_DEVICE_FAMILY = "1,2";
				VALIDATE_PRODUCT = YES;
			};
			name = Release;
		};
		56A385751C71EFE80055F355 /* Debug */ = {
			isa = XCBuildConfiguration;
			buildSettings = {
				ASSETCATALOG_COMPILER_APPICON_NAME = AppIcon;
				CODE_SIGN_IDENTITY = "iPhone Developer";
				INFOPLIST_FILE = HelpMilesGetHome_ObjC/Info.plist;
				IPHONEOS_DEPLOYMENT_TARGET = 9.3;
				LD_RUNPATH_SEARCH_PATHS = "$(inherited) @executable_path/Frameworks";
				PRODUCT_BUNDLE_IDENTIFIER = "com.jcmconsulting.HelpMilesGetHome-ObjC";
				PRODUCT_NAME = "$(TARGET_NAME)";
			};
			name = Debug;
		};
		56A385761C71EFE80055F355 /* Release */ = {
			isa = XCBuildConfiguration;
			buildSettings = {
				ASSETCATALOG_COMPILER_APPICON_NAME = AppIcon;
				CODE_SIGN_IDENTITY = "iPhone Developer";
				INFOPLIST_FILE = HelpMilesGetHome_ObjC/Info.plist;
				IPHONEOS_DEPLOYMENT_TARGET = 9.3;
				LD_RUNPATH_SEARCH_PATHS = "$(inherited) @executable_path/Frameworks";
				PRODUCT_BUNDLE_IDENTIFIER = "com.jcmconsulting.HelpMilesGetHome-ObjC";
				PRODUCT_NAME = "$(TARGET_NAME)";
			};
			name = Release;
		};
/* End XCBuildConfiguration section */

/* Begin XCConfigurationList section */
		56A385581C71EFE80055F355 /* Build configuration list for PBXProject "HelpMilesGetHome_ObjC" */ = {
			isa = XCConfigurationList;
			buildConfigurations = (
				56A385721C71EFE80055F355 /* Debug */,
				56A385731C71EFE80055F355 /* Release */,
			);
			defaultConfigurationIsVisible = 0;
			defaultConfigurationName = Release;
		};
		56A385741C71EFE80055F355 /* Build configuration list for PBXNativeTarget "HelpMilesGetHome_ObjC" */ = {
			isa = XCConfigurationList;
			buildConfigurations = (
				56A385751C71EFE80055F355 /* Debug */,
				56A385761C71EFE80055F355 /* Release */,
			);
			defaultConfigurationIsVisible = 0;
			defaultConfigurationName = Release;
		};
/* End XCConfigurationList section */
	};
	rootObject = 56A385551C71EFE80055F355 /* Project object */;
}
